
Microsoft Visual Studio Solution File, Format Version 12.00
# Visual Studio Version 17
VisualStudioVersion = 17.11.35303.130
MinimumVisualStudioVersion = 10.0.40219.1
Project("{2150E333-8FDC-42A3-9474-1A3956D46DE8}") = "Task0", "Task0", "{971D0E4D-EB2B-4062-AE18-AD4B38072953}"
EndProject
Project("{9A19103F-16F7-4668-BE54-9A1E7A4F7556}") = "Tyuiu.BorkovNA.Sprint0.Task0.V0", "Tyuiu.BorkovNA.Sprint0.Task0.V0\Tyuiu.BorkovNA.Sprint0.Task0.V0.csproj", "{AB0A5F6F-07A4-4B45-B06C-915F4595EED8}"
EndProject
Project("{2150E333-8FDC-42A3-9474-1A3956D46DE8}") = "Task1", "Task1", "{956571E7-CBF1-404A-B895-24A86F13B79C}"
EndProject
Project("{9A19103F-16F7-4668-BE54-9A1E7A4F7556}") = "Tyuiu.BorkovNA.Sprint0.Task1.V0", "Tyuiu.BorkovNA.Sprint0.Task1.V0\Tyuiu.BorkovNA.Sprint0.Task1.V0.csproj", "{972A3F43-4282-428E-8639-5A541F6D410B}"
EndProject
Project("{2150E333-8FDC-42A3-9474-1A3956D46DE8}") = "Task2", "Task2", "{FFE85A6C-3D29-416D-A932-217EEE7A51ED}"
EndProject
Project("{9A19103F-16F7-4668-BE54-9A1E7A4F7556}") = "Tyuiu.BorkovNA.Sprint0.Task2.V0", "Tyuiu.BorkovNA.Sprint0.Task2.V0\Tyuiu.BorkovNA.Sprint0.Task2.V0.csproj", "{CFB78B52-4E41-45F4-8E7E-A85147C24855}"
EndProject
Project("{9A19103F-16F7-4668-BE54-9A1E7A4F7556}") = "Tyuiu.BorkovNA.Sprint0.Task2.V0.Lib", "Tyuiu.BorkovNA.Sprint0.Task2.V0.Lib\Tyuiu.BorkovNA.Sprint0.Task2.V0.Lib.csproj", "{EA8D203C-E9CE-4DAF-88AC-CE63451EC26F}"
EndProject
Project("{FAE04EC0-301F-11D3-BF4B-00C04F79EFBC}") = "Tyuiu.BorkovNA.Sprint0.Task2.V0.Test", "Tyuiu.BorkovNA.Sprint0.Task2.V0.Test\Tyuiu.BorkovNA.Sprint0.Task2.V0.Test.csproj", "{E06DE118-6EB1-4DF0-AFBB-48A3D07F1AFF}"
EndProject
Project("{2150E333-8FDC-42A3-9474-1A3956D46DE8}") = "Task3", "Task3", "{C7DE347F-26CC-44B4-B32A-767BFAE237FB}"
EndProject
Project("{2150E333-8FDC-42A3-9474-1A3956D46DE8}") = "Task4", "Task4", "{72D39C0D-7897-465A-902F-9522883A9169}"
EndProject
Project("{2150E333-8FDC-42A3-9474-1A3956D46DE8}") = "Task5", "Task5", "{F7C7D3BC-9720-47A6-B91E-951533836369}"
EndProject
Project("{2150E333-8FDC-42A3-9474-1A3956D46DE8}") = "Task6", "Task6", "{BF92B004-1496-4E8D-89D5-1B30E42ACC3D}"
EndProject
Project("{2150E333-8FDC-42A3-9474-1A3956D46DE8}") = "Task7", "Task7", "{129537C3-38AB-42F9-A9B4-F0ADF518657A}"
EndProject
Project("{FAE04EC0-301F-11D3-BF4B-00C04F79EFBC}") = "Tyuiu.BorkovNA.Sprint0.Task3.V0", "Tyuiu.BorkovNA.Sprint0.Task3.V0\Tyuiu.BorkovNA.Sprint0.Task3.V0.csproj", "{0B6A7C4C-D6DE-4369-907D-C16ECEA5ABF4}"
EndProject
Project("{FAE04EC0-301F-11D3-BF4B-00C04F79EFBC}") = "Tyuiu.BorkovNA.Sprint0.Task3.V0.Lib", "Tyuiu.BorkovNA.Sprint0.Task3.V0.Lib\Tyuiu.BorkovNA.Sprint0.Task3.V0.Lib.csproj", "{EA31866D-AA4B-43A0-8E61-CB630A31E2C1}"
EndProject
Project("{FAE04EC0-301F-11D3-BF4B-00C04F79EFBC}") = "Tyuiu.BorkovNA.Sprint0.Task3.V0.Test", "Tyuiu.BorkovNA.Sprint0.Task3.V0.Test\Tyuiu.BorkovNA.Sprint0.Task3.V0.Test.csproj", "{30695D7C-071F-4203-B061-F9A0602293C7}"
EndProject
Project("{FAE04EC0-301F-11D3-BF4B-00C04F79EFBC}") = "Tyuiu.BorkovNA.Sprint0.Task4.V0", "Tyuiu.BorkovNA.Sprint0.Task4.V0\Tyuiu.BorkovNA.Sprint0.Task4.V0.csproj", "{B9560CC6-82B7-4987-9EA2-D3D2A7BDCBC5}"
EndProject
Project("{FAE04EC0-301F-11D3-BF4B-00C04F79EFBC}") = "Tyuiu.BorkovNA.Sprint0.Task4.V0.Lib", "Tyuiu.BorkovNA.Sprint0.Task4.V0.Lib\Tyuiu.BorkovNA.Sprint0.Task4.V0.Lib.csproj", "{AB85A9DF-4161-4754-8521-B8F1A3627719}"
EndProject
Project("{FAE04EC0-301F-11D3-BF4B-00C04F79EFBC}") = "Tyuiu.BorkovNA.Sprint0.Task4.V0.Test", "Tyuiu.BorkovNA.Sprint0.Task4.V0.Test\Tyuiu.BorkovNA.Sprint0.Task4.V0.Test.csproj", "{4B3F4213-15E9-4667-8F01-BCEAC525DA04}"
EndProject
Project("{FAE04EC0-301F-11D3-BF4B-00C04F79EFBC}") = "Tyuiu.BorkovNA.Sprint0.Task5.V0", "Tyuiu.BorkovNA.Sprint0.Task5.V0\Tyuiu.BorkovNA.Sprint0.Task5.V0.csproj", "{58DDA9DD-3DF0-4F5B-BFC6-0CFB9F27396C}"
EndProject
Project("{FAE04EC0-301F-11D3-BF4B-00C04F79EFBC}") = "Tyuiu.BorkovNA.Sprint0.Task5.V0.Lib", "Tyuiu.BorkovNA.Sprint0.Task5.V0.Lib\Tyuiu.BorkovNA.Sprint0.Task5.V0.Lib.csproj", "{FB1142C0-3782-485F-B912-021D5F06F1C8}"
EndProject
Project("{FAE04EC0-301F-11D3-BF4B-00C04F79EFBC}") = "Tyuiu.BorkovNA.Sprint0.Task5.V0.Test", "Tyuiu.BorkovNA.Sprint0.Task5.V0.Test\Tyuiu.BorkovNA.Sprint0.Task5.V0.Test.csproj", "{FFC5AD3C-E06B-4C65-8578-3C487EFB17C1}"
EndProject
Project("{FAE04EC0-301F-11D3-BF4B-00C04F79EFBC}") = "Tyuiu.BorkovNA.Sprint0.Task6.V0", "Tyuiu.BorkovNA.Sprint0.Task6.V0\Tyuiu.BorkovNA.Sprint0.Task6.V0.csproj", "{3B7138CC-D927-4446-BB09-2A895B5CB39A}"
EndProject
Project("{FAE04EC0-301F-11D3-BF4B-00C04F79EFBC}") = "Tyuiu.BorkovNA.Sprint0.Task6.V0.Lib", "Tyuiu.BorkovNA.Sprint0.Task6.V0.Lib\Tyuiu.BorkovNA.Sprint0.Task6.V0.Lib.csproj", "{0EB2F598-A5BE-4784-B169-B3B80DAF456E}"
EndProject
Project("{FAE04EC0-301F-11D3-BF4B-00C04F79EFBC}") = "Tyuiu.BorkovNA.Sprint0.Task6.V0.Test", "Tyuiu.BorkovNA.Sprint0.Task6.V0.Test\Tyuiu.BorkovNA.Sprint0.Task6.V0.Test.csproj", "{93152DF0-7380-4A53-A18A-3A56BBDCF63F}"
EndProject
Global
	GlobalSection(SolutionConfigurationPlatforms) = preSolution
		Debug|Any CPU = Debug|Any CPU
		Debug|ARM64 = Debug|ARM64
		Debug|x64 = Debug|x64
		Debug|x86 = Debug|x86
		Release|Any CPU = Release|Any CPU
		Release|ARM64 = Release|ARM64
		Release|x64 = Release|x64
		Release|x86 = Release|x86
	EndGlobalSection
	GlobalSection(ProjectConfigurationPlatforms) = postSolution
		{AB0A5F6F-07A4-4B45-B06C-915F4595EED8}.Debug|Any CPU.ActiveCfg = Debug|Any CPU
		{AB0A5F6F-07A4-4B45-B06C-915F4595EED8}.Debug|Any CPU.Build.0 = Debug|Any CPU
		{AB0A5F6F-07A4-4B45-B06C-915F4595EED8}.Debug|ARM64.ActiveCfg = Debug|Any CPU
		{AB0A5F6F-07A4-4B45-B06C-915F4595EED8}.Debug|ARM64.Build.0 = Debug|Any CPU
		{AB0A5F6F-07A4-4B45-B06C-915F4595EED8}.Debug|x64.ActiveCfg = Debug|Any CPU
		{AB0A5F6F-07A4-4B45-B06C-915F4595EED8}.Debug|x64.Build.0 = Debug|Any CPU
		{AB0A5F6F-07A4-4B45-B06C-915F4595EED8}.Debug|x86.ActiveCfg = Debug|Any CPU
		{AB0A5F6F-07A4-4B45-B06C-915F4595EED8}.Debug|x86.Build.0 = Debug|Any CPU
		{AB0A5F6F-07A4-4B45-B06C-915F4595EED8}.Release|Any CPU.ActiveCfg = Release|Any CPU
		{AB0A5F6F-07A4-4B45-B06C-915F4595EED8}.Release|Any CPU.Build.0 = Release|Any CPU
		{AB0A5F6F-07A4-4B45-B06C-915F4595EED8}.Release|ARM64.ActiveCfg = Release|Any CPU
		{AB0A5F6F-07A4-4B45-B06C-915F4595EED8}.Release|ARM64.Build.0 = Release|Any CPU
		{AB0A5F6F-07A4-4B45-B06C-915F4595EED8}.Release|x64.ActiveCfg = Release|Any CPU
		{AB0A5F6F-07A4-4B45-B06C-915F4595EED8}.Release|x64.Build.0 = Release|Any CPU
		{AB0A5F6F-07A4-4B45-B06C-915F4595EED8}.Release|x86.ActiveCfg = Release|Any CPU
		{AB0A5F6F-07A4-4B45-B06C-915F4595EED8}.Release|x86.Build.0 = Release|Any CPU
		{972A3F43-4282-428E-8639-5A541F6D410B}.Debug|Any CPU.ActiveCfg = Debug|Any CPU
		{972A3F43-4282-428E-8639-5A541F6D410B}.Debug|Any CPU.Build.0 = Debug|Any CPU
		{972A3F43-4282-428E-8639-5A541F6D410B}.Debug|ARM64.ActiveCfg = Debug|Any CPU
		{972A3F43-4282-428E-8639-5A541F6D410B}.Debug|ARM64.Build.0 = Debug|Any CPU
		{972A3F43-4282-428E-8639-5A541F6D410B}.Debug|x64.ActiveCfg = Debug|Any CPU
		{972A3F43-4282-428E-8639-5A541F6D410B}.Debug|x64.Build.0 = Debug|Any CPU
		{972A3F43-4282-428E-8639-5A541F6D410B}.Debug|x86.ActiveCfg = Debug|Any CPU
		{972A3F43-4282-428E-8639-5A541F6D410B}.Debug|x86.Build.0 = Debug|Any CPU
		{972A3F43-4282-428E-8639-5A541F6D410B}.Release|Any CPU.ActiveCfg = Release|Any CPU
		{972A3F43-4282-428E-8639-5A541F6D410B}.Release|Any CPU.Build.0 = Release|Any CPU
		{972A3F43-4282-428E-8639-5A541F6D410B}.Release|ARM64.ActiveCfg = Release|Any CPU
		{972A3F43-4282-428E-8639-5A541F6D410B}.Release|ARM64.Build.0 = Release|Any CPU
		{972A3F43-4282-428E-8639-5A541F6D410B}.Release|x64.ActiveCfg = Release|Any CPU
		{972A3F43-4282-428E-8639-5A541F6D410B}.Release|x64.Build.0 = Release|Any CPU
		{972A3F43-4282-428E-8639-5A541F6D410B}.Release|x86.ActiveCfg = Release|Any CPU
		{972A3F43-4282-428E-8639-5A541F6D410B}.Release|x86.Build.0 = Release|Any CPU
		{CFB78B52-4E41-45F4-8E7E-A85147C24855}.Debug|Any CPU.ActiveCfg = Debug|Any CPU
		{CFB78B52-4E41-45F4-8E7E-A85147C24855}.Debug|Any CPU.Build.0 = Debug|Any CPU
		{CFB78B52-4E41-45F4-8E7E-A85147C24855}.Debug|ARM64.ActiveCfg = Debug|Any CPU
		{CFB78B52-4E41-45F4-8E7E-A85147C24855}.Debug|ARM64.Build.0 = Debug|Any CPU
		{CFB78B52-4E41-45F4-8E7E-A85147C24855}.Debug|x64.ActiveCfg = Debug|Any CPU
		{CFB78B52-4E41-45F4-8E7E-A85147C24855}.Debug|x64.Build.0 = Debug|Any CPU
		{CFB78B52-4E41-45F4-8E7E-A85147C24855}.Debug|x86.ActiveCfg = Debug|Any CPU
		{CFB78B52-4E41-45F4-8E7E-A85147C24855}.Debug|x86.Build.0 = Debug|Any CPU
		{CFB78B52-4E41-45F4-8E7E-A85147C24855}.Release|Any CPU.ActiveCfg = Release|Any CPU
		{CFB78B52-4E41-45F4-8E7E-A85147C24855}.Release|Any CPU.Build.0 = Release|Any CPU
		{CFB78B52-4E41-45F4-8E7E-A85147C24855}.Release|ARM64.ActiveCfg = Release|Any CPU
		{CFB78B52-4E41-45F4-8E7E-A85147C24855}.Release|ARM64.Build.0 = Release|Any CPU
		{CFB78B52-4E41-45F4-8E7E-A85147C24855}.Release|x64.ActiveCfg = Release|Any CPU
		{CFB78B52-4E41-45F4-8E7E-A85147C24855}.Release|x64.Build.0 = Release|Any CPU
		{CFB78B52-4E41-45F4-8E7E-A85147C24855}.Release|x86.ActiveCfg = Release|Any CPU
		{CFB78B52-4E41-45F4-8E7E-A85147C24855}.Release|x86.Build.0 = Release|Any CPU
		{EA8D203C-E9CE-4DAF-88AC-CE63451EC26F}.Debug|Any CPU.ActiveCfg = Debug|Any CPU
		{EA8D203C-E9CE-4DAF-88AC-CE63451EC26F}.Debug|Any CPU.Build.0 = Debug|Any CPU
		{EA8D203C-E9CE-4DAF-88AC-CE63451EC26F}.Debug|ARM64.ActiveCfg = Debug|Any CPU
		{EA8D203C-E9CE-4DAF-88AC-CE63451EC26F}.Debug|ARM64.Build.0 = Debug|Any CPU
		{EA8D203C-E9CE-4DAF-88AC-CE63451EC26F}.Debug|x64.ActiveCfg = Debug|Any CPU
		{EA8D203C-E9CE-4DAF-88AC-CE63451EC26F}.Debug|x64.Build.0 = Debug|Any CPU
		{EA8D203C-E9CE-4DAF-88AC-CE63451EC26F}.Debug|x86.ActiveCfg = Debug|Any CPU
		{EA8D203C-E9CE-4DAF-88AC-CE63451EC26F}.Debug|x86.Build.0 = Debug|Any CPU
		{EA8D203C-E9CE-4DAF-88AC-CE63451EC26F}.Release|Any CPU.ActiveCfg = Release|Any CPU
		{EA8D203C-E9CE-4DAF-88AC-CE63451EC26F}.Release|Any CPU.Build.0 = Release|Any CPU
		{EA8D203C-E9CE-4DAF-88AC-CE63451EC26F}.Release|ARM64.ActiveCfg = Release|Any CPU
		{EA8D203C-E9CE-4DAF-88AC-CE63451EC26F}.Release|ARM64.Build.0 = Release|Any CPU
		{EA8D203C-E9CE-4DAF-88AC-CE63451EC26F}.Release|x64.ActiveCfg = Release|Any CPU
		{EA8D203C-E9CE-4DAF-88AC-CE63451EC26F}.Release|x64.Build.0 = Release|Any CPU
		{EA8D203C-E9CE-4DAF-88AC-CE63451EC26F}.Release|x86.ActiveCfg = Release|Any CPU
		{EA8D203C-E9CE-4DAF-88AC-CE63451EC26F}.Release|x86.Build.0 = Release|Any CPU
		{E06DE118-6EB1-4DF0-AFBB-48A3D07F1AFF}.Debug|Any CPU.ActiveCfg = Debug|Any CPU
		{E06DE118-6EB1-4DF0-AFBB-48A3D07F1AFF}.Debug|Any CPU.Build.0 = Debug|Any CPU
		{E06DE118-6EB1-4DF0-AFBB-48A3D07F1AFF}.Debug|ARM64.ActiveCfg = Debug|Any CPU
		{E06DE118-6EB1-4DF0-AFBB-48A3D07F1AFF}.Debug|ARM64.Build.0 = Debug|Any CPU
		{E06DE118-6EB1-4DF0-AFBB-48A3D07F1AFF}.Debug|x64.ActiveCfg = Debug|Any CPU
		{E06DE118-6EB1-4DF0-AFBB-48A3D07F1AFF}.Debug|x64.Build.0 = Debug|Any CPU
		{E06DE118-6EB1-4DF0-AFBB-48A3D07F1AFF}.Debug|x86.ActiveCfg = Debug|Any CPU
		{E06DE118-6EB1-4DF0-AFBB-48A3D07F1AFF}.Debug|x86.Build.0 = Debug|Any CPU
		{E06DE118-6EB1-4DF0-AFBB-48A3D07F1AFF}.Release|Any CPU.ActiveCfg = Release|Any CPU
		{E06DE118-6EB1-4DF0-AFBB-48A3D07F1AFF}.Release|Any CPU.Build.0 = Release|Any CPU
		{E06DE118-6EB1-4DF0-AFBB-48A3D07F1AFF}.Release|ARM64.ActiveCfg = Release|Any CPU
		{E06DE118-6EB1-4DF0-AFBB-48A3D07F1AFF}.Release|ARM64.Build.0 = Release|Any CPU
		{E06DE118-6EB1-4DF0-AFBB-48A3D07F1AFF}.Release|x64.ActiveCfg = Release|Any CPU
		{E06DE118-6EB1-4DF0-AFBB-48A3D07F1AFF}.Release|x64.Build.0 = Release|Any CPU
		{E06DE118-6EB1-4DF0-AFBB-48A3D07F1AFF}.Release|x86.ActiveCfg = Release|Any CPU
		{E06DE118-6EB1-4DF0-AFBB-48A3D07F1AFF}.Release|x86.Build.0 = Release|Any CPU
		{0B6A7C4C-D6DE-4369-907D-C16ECEA5ABF4}.Debug|Any CPU.ActiveCfg = Debug|Any CPU
		{0B6A7C4C-D6DE-4369-907D-C16ECEA5ABF4}.Debug|Any CPU.Build.0 = Debug|Any CPU
		{0B6A7C4C-D6DE-4369-907D-C16ECEA5ABF4}.Debug|ARM64.ActiveCfg = Debug|Any CPU
		{0B6A7C4C-D6DE-4369-907D-C16ECEA5ABF4}.Debug|ARM64.Build.0 = Debug|Any CPU
		{0B6A7C4C-D6DE-4369-907D-C16ECEA5ABF4}.Debug|x64.ActiveCfg = Debug|Any CPU
		{0B6A7C4C-D6DE-4369-907D-C16ECEA5ABF4}.Debug|x64.Build.0 = Debug|Any CPU
		{0B6A7C4C-D6DE-4369-907D-C16ECEA5ABF4}.Debug|x86.ActiveCfg = Debug|Any CPU
		{0B6A7C4C-D6DE-4369-907D-C16ECEA5ABF4}.Debug|x86.Build.0 = Debug|Any CPU
		{0B6A7C4C-D6DE-4369-907D-C16ECEA5ABF4}.Release|Any CPU.ActiveCfg = Release|Any CPU
		{0B6A7C4C-D6DE-4369-907D-C16ECEA5ABF4}.Release|Any CPU.Build.0 = Release|Any CPU
		{0B6A7C4C-D6DE-4369-907D-C16ECEA5ABF4}.Release|ARM64.ActiveCfg = Release|Any CPU
		{0B6A7C4C-D6DE-4369-907D-C16ECEA5ABF4}.Release|ARM64.Build.0 = Release|Any CPU
		{0B6A7C4C-D6DE-4369-907D-C16ECEA5ABF4}.Release|x64.ActiveCfg = Release|Any CPU
		{0B6A7C4C-D6DE-4369-907D-C16ECEA5ABF4}.Release|x64.Build.0 = Release|Any CPU
		{0B6A7C4C-D6DE-4369-907D-C16ECEA5ABF4}.Release|x86.ActiveCfg = Release|Any CPU
		{0B6A7C4C-D6DE-4369-907D-C16ECEA5ABF4}.Release|x86.Build.0 = Release|Any CPU
		{EA31866D-AA4B-43A0-8E61-CB630A31E2C1}.Debug|Any CPU.ActiveCfg = Debug|Any CPU
		{EA31866D-AA4B-43A0-8E61-CB630A31E2C1}.Debug|Any CPU.Build.0 = Debug|Any CPU
		{EA31866D-AA4B-43A0-8E61-CB630A31E2C1}.Debug|ARM64.ActiveCfg = Debug|Any CPU
		{EA31866D-AA4B-43A0-8E61-CB630A31E2C1}.Debug|ARM64.Build.0 = Debug|Any CPU
		{EA31866D-AA4B-43A0-8E61-CB630A31E2C1}.Debug|x64.ActiveCfg = Debug|Any CPU
		{EA31866D-AA4B-43A0-8E61-CB630A31E2C1}.Debug|x64.Build.0 = Debug|Any CPU
		{EA31866D-AA4B-43A0-8E61-CB630A31E2C1}.Debug|x86.ActiveCfg = Debug|Any CPU
		{EA31866D-AA4B-43A0-8E61-CB630A31E2C1}.Debug|x86.Build.0 = Debug|Any CPU
		{EA31866D-AA4B-43A0-8E61-CB630A31E2C1}.Release|Any CPU.ActiveCfg = Release|Any CPU
		{EA31866D-AA4B-43A0-8E61-CB630A31E2C1}.Release|Any CPU.Build.0 = Release|Any CPU
		{EA31866D-AA4B-43A0-8E61-CB630A31E2C1}.Release|ARM64.ActiveCfg = Release|Any CPU
		{EA31866D-AA4B-43A0-8E61-CB630A31E2C1}.Release|ARM64.Build.0 = Release|Any CPU
		{EA31866D-AA4B-43A0-8E61-CB630A31E2C1}.Release|x64.ActiveCfg = Release|Any CPU
		{EA31866D-AA4B-43A0-8E61-CB630A31E2C1}.Release|x64.Build.0 = Release|Any CPU
		{EA31866D-AA4B-43A0-8E61-CB630A31E2C1}.Release|x86.ActiveCfg = Release|Any CPU
		{EA31866D-AA4B-43A0-8E61-CB630A31E2C1}.Release|x86.Build.0 = Release|Any CPU
		{30695D7C-071F-4203-B061-F9A0602293C7}.Debug|Any CPU.ActiveCfg = Debug|Any CPU
		{30695D7C-071F-4203-B061-F9A0602293C7}.Debug|Any CPU.Build.0 = Debug|Any CPU
		{30695D7C-071F-4203-B061-F9A0602293C7}.Debug|ARM64.ActiveCfg = Debug|Any CPU
		{30695D7C-071F-4203-B061-F9A0602293C7}.Debug|ARM64.Build.0 = Debug|Any CPU
		{30695D7C-071F-4203-B061-F9A0602293C7}.Debug|x64.ActiveCfg = Debug|Any CPU
		{30695D7C-071F-4203-B061-F9A0602293C7}.Debug|x64.Build.0 = Debug|Any CPU
		{30695D7C-071F-4203-B061-F9A0602293C7}.Debug|x86.ActiveCfg = Debug|Any CPU
		{30695D7C-071F-4203-B061-F9A0602293C7}.Debug|x86.Build.0 = Debug|Any CPU
		{30695D7C-071F-4203-B061-F9A0602293C7}.Release|Any CPU.ActiveCfg = Release|Any CPU
		{30695D7C-071F-4203-B061-F9A0602293C7}.Release|Any CPU.Build.0 = Release|Any CPU
		{30695D7C-071F-4203-B061-F9A0602293C7}.Release|ARM64.ActiveCfg = Release|Any CPU
		{30695D7C-071F-4203-B061-F9A0602293C7}.Release|ARM64.Build.0 = Release|Any CPU
		{30695D7C-071F-4203-B061-F9A0602293C7}.Release|x64.ActiveCfg = Release|Any CPU
		{30695D7C-071F-4203-B061-F9A0602293C7}.Release|x64.Build.0 = Release|Any CPU
		{30695D7C-071F-4203-B061-F9A0602293C7}.Release|x86.ActiveCfg = Release|Any CPU
		{30695D7C-071F-4203-B061-F9A0602293C7}.Release|x86.Build.0 = Release|Any CPU
		{B9560CC6-82B7-4987-9EA2-D3D2A7BDCBC5}.Debug|Any CPU.ActiveCfg = Debug|Any CPU
		{B9560CC6-82B7-4987-9EA2-D3D2A7BDCBC5}.Debug|Any CPU.Build.0 = Debug|Any CPU
		{B9560CC6-82B7-4987-9EA2-D3D2A7BDCBC5}.Debug|ARM64.ActiveCfg = Debug|Any CPU
		{B9560CC6-82B7-4987-9EA2-D3D2A7BDCBC5}.Debug|ARM64.Build.0 = Debug|Any CPU
		{B9560CC6-82B7-4987-9EA2-D3D2A7BDCBC5}.Debug|x64.ActiveCfg = Debug|Any CPU
		{B9560CC6-82B7-4987-9EA2-D3D2A7BDCBC5}.Debug|x64.Build.0 = Debug|Any CPU
		{B9560CC6-82B7-4987-9EA2-D3D2A7BDCBC5}.Debug|x86.ActiveCfg = Debug|Any CPU
		{B9560CC6-82B7-4987-9EA2-D3D2A7BDCBC5}.Debug|x86.Build.0 = Debug|Any CPU
		{B9560CC6-82B7-4987-9EA2-D3D2A7BDCBC5}.Release|Any CPU.ActiveCfg = Release|Any CPU
		{B9560CC6-82B7-4987-9EA2-D3D2A7BDCBC5}.Release|Any CPU.Build.0 = Release|Any CPU
		{B9560CC6-82B7-4987-9EA2-D3D2A7BDCBC5}.Release|ARM64.ActiveCfg = Release|Any CPU
		{B9560CC6-82B7-4987-9EA2-D3D2A7BDCBC5}.Release|ARM64.Build.0 = Release|Any CPU
		{B9560CC6-82B7-4987-9EA2-D3D2A7BDCBC5}.Release|x64.ActiveCfg = Release|Any CPU
		{B9560CC6-82B7-4987-9EA2-D3D2A7BDCBC5}.Release|x64.Build.0 = Release|Any CPU
		{B9560CC6-82B7-4987-9EA2-D3D2A7BDCBC5}.Release|x86.ActiveCfg = Release|Any CPU
		{B9560CC6-82B7-4987-9EA2-D3D2A7BDCBC5}.Release|x86.Build.0 = Release|Any CPU
		{AB85A9DF-4161-4754-8521-B8F1A3627719}.Debug|Any CPU.ActiveCfg = Debug|Any CPU
		{AB85A9DF-4161-4754-8521-B8F1A3627719}.Debug|Any CPU.Build.0 = Debug|Any CPU
		{AB85A9DF-4161-4754-8521-B8F1A3627719}.Debug|ARM64.ActiveCfg = Debug|Any CPU
		{AB85A9DF-4161-4754-8521-B8F1A3627719}.Debug|ARM64.Build.0 = Debug|Any CPU
		{AB85A9DF-4161-4754-8521-B8F1A3627719}.Debug|x64.ActiveCfg = Debug|Any CPU
		{AB85A9DF-4161-4754-8521-B8F1A3627719}.Debug|x64.Build.0 = Debug|Any CPU
		{AB85A9DF-4161-4754-8521-B8F1A3627719}.Debug|x86.ActiveCfg = Debug|Any CPU
		{AB85A9DF-4161-4754-8521-B8F1A3627719}.Debug|x86.Build.0 = Debug|Any CPU
		{AB85A9DF-4161-4754-8521-B8F1A3627719}.Release|Any CPU.ActiveCfg = Release|Any CPU
		{AB85A9DF-4161-4754-8521-B8F1A3627719}.Release|Any CPU.Build.0 = Release|Any CPU
		{AB85A9DF-4161-4754-8521-B8F1A3627719}.Release|ARM64.ActiveCfg = Release|Any CPU
		{AB85A9DF-4161-4754-8521-B8F1A3627719}.Release|ARM64.Build.0 = Release|Any CPU
		{AB85A9DF-4161-4754-8521-B8F1A3627719}.Release|x64.ActiveCfg = Release|Any CPU
		{AB85A9DF-4161-4754-8521-B8F1A3627719}.Release|x64.Build.0 = Release|Any CPU
		{AB85A9DF-4161-4754-8521-B8F1A3627719}.Release|x86.ActiveCfg = Release|Any CPU
		{AB85A9DF-4161-4754-8521-B8F1A3627719}.Release|x86.Build.0 = Release|Any CPU
		{4B3F4213-15E9-4667-8F01-BCEAC525DA04}.Debug|Any CPU.ActiveCfg = Debug|Any CPU
		{4B3F4213-15E9-4667-8F01-BCEAC525DA04}.Debug|Any CPU.Build.0 = Debug|Any CPU
		{4B3F4213-15E9-4667-8F01-BCEAC525DA04}.Debug|ARM64.ActiveCfg = Debug|Any CPU
		{4B3F4213-15E9-4667-8F01-BCEAC525DA04}.Debug|ARM64.Build.0 = Debug|Any CPU
		{4B3F4213-15E9-4667-8F01-BCEAC525DA04}.Debug|x64.ActiveCfg = Debug|Any CPU
		{4B3F4213-15E9-4667-8F01-BCEAC525DA04}.Debug|x64.Build.0 = Debug|Any CPU
		{4B3F4213-15E9-4667-8F01-BCEAC525DA04}.Debug|x86.ActiveCfg = Debug|Any CPU
		{4B3F4213-15E9-4667-8F01-BCEAC525DA04}.Debug|x86.Build.0 = Debug|Any CPU
		{4B3F4213-15E9-4667-8F01-BCEAC525DA04}.Release|Any CPU.ActiveCfg = Release|Any CPU
		{4B3F4213-15E9-4667-8F01-BCEAC525DA04}.Release|Any CPU.Build.0 = Release|Any CPU
		{4B3F4213-15E9-4667-8F01-BCEAC525DA04}.Release|ARM64.ActiveCfg = Release|Any CPU
		{4B3F4213-15E9-4667-8F01-BCEAC525DA04}.Release|ARM64.Build.0 = Release|Any CPU
		{4B3F4213-15E9-4667-8F01-BCEAC525DA04}.Release|x64.ActiveCfg = Release|Any CPU
		{4B3F4213-15E9-4667-8F01-BCEAC525DA04}.Release|x64.Build.0 = Release|Any CPU
		{4B3F4213-15E9-4667-8F01-BCEAC525DA04}.Release|x86.ActiveCfg = Release|Any CPU
		{4B3F4213-15E9-4667-8F01-BCEAC525DA04}.Release|x86.Build.0 = Release|Any CPU
		{58DDA9DD-3DF0-4F5B-BFC6-0CFB9F27396C}.Debug|Any CPU.ActiveCfg = Debug|Any CPU
		{58DDA9DD-3DF0-4F5B-BFC6-0CFB9F27396C}.Debug|Any CPU.Build.0 = Debug|Any CPU
		{58DDA9DD-3DF0-4F5B-BFC6-0CFB9F27396C}.Debug|ARM64.ActiveCfg = Debug|Any CPU
		{58DDA9DD-3DF0-4F5B-BFC6-0CFB9F27396C}.Debug|ARM64.Build.0 = Debug|Any CPU
		{58DDA9DD-3DF0-4F5B-BFC6-0CFB9F27396C}.Debug|x64.ActiveCfg = Debug|Any CPU
		{58DDA9DD-3DF0-4F5B-BFC6-0CFB9F27396C}.Debug|x64.Build.0 = Debug|Any CPU
		{58DDA9DD-3DF0-4F5B-BFC6-0CFB9F27396C}.Debug|x86.ActiveCfg = Debug|Any CPU
		{58DDA9DD-3DF0-4F5B-BFC6-0CFB9F27396C}.Debug|x86.Build.0 = Debug|Any CPU
		{58DDA9DD-3DF0-4F5B-BFC6-0CFB9F27396C}.Release|Any CPU.ActiveCfg = Release|Any CPU
		{58DDA9DD-3DF0-4F5B-BFC6-0CFB9F27396C}.Release|Any CPU.Build.0 = Release|Any CPU
		{58DDA9DD-3DF0-4F5B-BFC6-0CFB9F27396C}.Release|ARM64.ActiveCfg = Release|Any CPU
		{58DDA9DD-3DF0-4F5B-BFC6-0CFB9F27396C}.Release|ARM64.Build.0 = Release|Any CPU
		{58DDA9DD-3DF0-4F5B-BFC6-0CFB9F27396C}.Release|x64.ActiveCfg = Release|Any CPU
		{58DDA9DD-3DF0-4F5B-BFC6-0CFB9F27396C}.Release|x64.Build.0 = Release|Any CPU
		{58DDA9DD-3DF0-4F5B-BFC6-0CFB9F27396C}.Release|x86.ActiveCfg = Release|Any CPU
		{58DDA9DD-3DF0-4F5B-BFC6-0CFB9F27396C}.Release|x86.Build.0 = Release|Any CPU
		{FB1142C0-3782-485F-B912-021D5F06F1C8}.Debug|Any CPU.ActiveCfg = Debug|Any CPU
		{FB1142C0-3782-485F-B912-021D5F06F1C8}.Debug|Any CPU.Build.0 = Debug|Any CPU
		{FB1142C0-3782-485F-B912-021D5F06F1C8}.Debug|ARM64.ActiveCfg = Debug|Any CPU
		{FB1142C0-3782-485F-B912-021D5F06F1C8}.Debug|ARM64.Build.0 = Debug|Any CPU
		{FB1142C0-3782-485F-B912-021D5F06F1C8}.Debug|x64.ActiveCfg = Debug|Any CPU
		{FB1142C0-3782-485F-B912-021D5F06F1C8}.Debug|x64.Build.0 = Debug|Any CPU
		{FB1142C0-3782-485F-B912-021D5F06F1C8}.Debug|x86.ActiveCfg = Debug|Any CPU
		{FB1142C0-3782-485F-B912-021D5F06F1C8}.Debug|x86.Build.0 = Debug|Any CPU
		{FB1142C0-3782-485F-B912-021D5F06F1C8}.Release|Any CPU.ActiveCfg = Release|Any CPU
		{FB1142C0-3782-485F-B912-021D5F06F1C8}.Release|Any CPU.Build.0 = Release|Any CPU
		{FB1142C0-3782-485F-B912-021D5F06F1C8}.Release|ARM64.ActiveCfg = Release|Any CPU
		{FB1142C0-3782-485F-B912-021D5F06F1C8}.Release|ARM64.Build.0 = Release|Any CPU
		{FB1142C0-3782-485F-B912-021D5F06F1C8}.Release|x64.ActiveCfg = Release|Any CPU
		{FB1142C0-3782-485F-B912-021D5F06F1C8}.Release|x64.Build.0 = Release|Any CPU
		{FB1142C0-3782-485F-B912-021D5F06F1C8}.Release|x86.ActiveCfg = Release|Any CPU
		{FB1142C0-3782-485F-B912-021D5F06F1C8}.Release|x86.Build.0 = Release|Any CPU
		{FFC5AD3C-E06B-4C65-8578-3C487EFB17C1}.Debug|Any CPU.ActiveCfg = Debug|Any CPU
		{FFC5AD3C-E06B-4C65-8578-3C487EFB17C1}.Debug|Any CPU.Build.0 = Debug|Any CPU
		{FFC5AD3C-E06B-4C65-8578-3C487EFB17C1}.Debug|ARM64.ActiveCfg = Debug|Any CPU
		{FFC5AD3C-E06B-4C65-8578-3C487EFB17C1}.Debug|ARM64.Build.0 = Debug|Any CPU
		{FFC5AD3C-E06B-4C65-8578-3C487EFB17C1}.Debug|x64.ActiveCfg = Debug|Any CPU
		{FFC5AD3C-E06B-4C65-8578-3C487EFB17C1}.Debug|x64.Build.0 = Debug|Any CPU
		{FFC5AD3C-E06B-4C65-8578-3C487EFB17C1}.Debug|x86.ActiveCfg = Debug|Any CPU
		{FFC5AD3C-E06B-4C65-8578-3C487EFB17C1}.Debug|x86.Build.0 = Debug|Any CPU
		{FFC5AD3C-E06B-4C65-8578-3C487EFB17C1}.Release|Any CPU.ActiveCfg = Release|Any CPU
		{FFC5AD3C-E06B-4C65-8578-3C487EFB17C1}.Release|Any CPU.Build.0 = Release|Any CPU
		{FFC5AD3C-E06B-4C65-8578-3C487EFB17C1}.Release|ARM64.ActiveCfg = Release|Any CPU
		{FFC5AD3C-E06B-4C65-8578-3C487EFB17C1}.Release|ARM64.Build.0 = Release|Any CPU
		{FFC5AD3C-E06B-4C65-8578-3C487EFB17C1}.Release|x64.ActiveCfg = Release|Any CPU
		{FFC5AD3C-E06B-4C65-8578-3C487EFB17C1}.Release|x64.Build.0 = Release|Any CPU
		{FFC5AD3C-E06B-4C65-8578-3C487EFB17C1}.Release|x86.ActiveCfg = Release|Any CPU
		{FFC5AD3C-E06B-4C65-8578-3C487EFB17C1}.Release|x86.Build.0 = Release|Any CPU
		{3B7138CC-D927-4446-BB09-2A895B5CB39A}.Debug|Any CPU.ActiveCfg = Debug|Any CPU
		{3B7138CC-D927-4446-BB09-2A895B5CB39A}.Debug|Any CPU.Build.0 = Debug|Any CPU
		{3B7138CC-D927-4446-BB09-2A895B5CB39A}.Debug|ARM64.ActiveCfg = Debug|Any CPU
		{3B7138CC-D927-4446-BB09-2A895B5CB39A}.Debug|ARM64.Build.0 = Debug|Any CPU
		{3B7138CC-D927-4446-BB09-2A895B5CB39A}.Debug|x64.ActiveCfg = Debug|Any CPU
		{3B7138CC-D927-4446-BB09-2A895B5CB39A}.Debug|x64.Build.0 = Debug|Any CPU
		{3B7138CC-D927-4446-BB09-2A895B5CB39A}.Debug|x86.ActiveCfg = Debug|Any CPU
		{3B7138CC-D927-4446-BB09-2A895B5CB39A}.Debug|x86.Build.0 = Debug|Any CPU
		{3B7138CC-D927-4446-BB09-2A895B5CB39A}.Release|Any CPU.ActiveCfg = Release|Any CPU
		{3B7138CC-D927-4446-BB09-2A895B5CB39A}.Release|Any CPU.Build.0 = Release|Any CPU
		{3B7138CC-D927-4446-BB09-2A895B5CB39A}.Release|ARM64.ActiveCfg = Release|Any CPU
		{3B7138CC-D927-4446-BB09-2A895B5CB39A}.Release|ARM64.Build.0 = Release|Any CPU
		{3B7138CC-D927-4446-BB09-2A895B5CB39A}.Release|x64.ActiveCfg = Release|Any CPU
		{3B7138CC-D927-4446-BB09-2A895B5CB39A}.Release|x64.Build.0 = Release|Any CPU
		{3B7138CC-D927-4446-BB09-2A895B5CB39A}.Release|x86.ActiveCfg = Release|Any CPU
		{3B7138CC-D927-4446-BB09-2A895B5CB39A}.Release|x86.Build.0 = Release|Any CPU
		{0EB2F598-A5BE-4784-B169-B3B80DAF456E}.Debug|Any CPU.ActiveCfg = Debug|Any CPU
		{0EB2F598-A5BE-4784-B169-B3B80DAF456E}.Debug|Any CPU.Build.0 = Debug|Any CPU
		{0EB2F598-A5BE-4784-B169-B3B80DAF456E}.Debug|ARM64.ActiveCfg = Debug|Any CPU
		{0EB2F598-A5BE-4784-B169-B3B80DAF456E}.Debug|ARM64.Build.0 = Debug|Any CPU
		{0EB2F598-A5BE-4784-B169-B3B80DAF456E}.Debug|x64.ActiveCfg = Debug|Any CPU
		{0EB2F598-A5BE-4784-B169-B3B80DAF456E}.Debug|x64.Build.0 = Debug|Any CPU
		{0EB2F598-A5BE-4784-B169-B3B80DAF456E}.Debug|x86.ActiveCfg = Debug|Any CPU
		{0EB2F598-A5BE-4784-B169-B3B80DAF456E}.Debug|x86.Build.0 = Debug|Any CPU
		{0EB2F598-A5BE-4784-B169-B3B80DAF456E}.Release|Any CPU.ActiveCfg = Release|Any CPU
		{0EB2F598-A5BE-4784-B169-B3B80DAF456E}.Release|Any CPU.Build.0 = Release|Any CPU
		{0EB2F598-A5BE-4784-B169-B3B80DAF456E}.Release|ARM64.ActiveCfg = Release|Any CPU
		{0EB2F598-A5BE-4784-B169-B3B80DAF456E}.Release|ARM64.Build.0 = Release|Any CPU
		{0EB2F598-A5BE-4784-B169-B3B80DAF456E}.Release|x64.ActiveCfg = Release|Any CPU
		{0EB2F598-A5BE-4784-B169-B3B80DAF456E}.Release|x64.Build.0 = Release|Any CPU
		{0EB2F598-A5BE-4784-B169-B3B80DAF456E}.Release|x86.ActiveCfg = Release|Any CPU
		{0EB2F598-A5BE-4784-B169-B3B80DAF456E}.Release|x86.Build.0 = Release|Any CPU
		{93152DF0-7380-4A53-A18A-3A56BBDCF63F}.Debug|Any CPU.ActiveCfg = Debug|Any CPU
		{93152DF0-7380-4A53-A18A-3A56BBDCF63F}.Debug|Any CPU.Build.0 = Debug|Any CPU
		{93152DF0-7380-4A53-A18A-3A56BBDCF63F}.Debug|ARM64.ActiveCfg = Debug|Any CPU
		{93152DF0-7380-4A53-A18A-3A56BBDCF63F}.Debug|ARM64.Build.0 = Debug|Any CPU
		{93152DF0-7380-4A53-A18A-3A56BBDCF63F}.Debug|x64.ActiveCfg = Debug|Any CPU
		{93152DF0-7380-4A53-A18A-3A56BBDCF63F}.Debug|x64.Build.0 = Debug|Any CPU
		{93152DF0-7380-4A53-A18A-3A56BBDCF63F}.Debug|x86.ActiveCfg = Debug|Any CPU
		{93152DF0-7380-4A53-A18A-3A56BBDCF63F}.Debug|x86.Build.0 = Debug|Any CPU
		{93152DF0-7380-4A53-A18A-3A56BBDCF63F}.Release|Any CPU.ActiveCfg = Release|Any CPU
		{93152DF0-7380-4A53-A18A-3A56BBDCF63F}.Release|Any CPU.Build.0 = Release|Any CPU
		{93152DF0-7380-4A53-A18A-3A56BBDCF63F}.Release|ARM64.ActiveCfg = Release|Any CPU
		{93152DF0-7380-4A53-A18A-3A56BBDCF63F}.Release|ARM64.Build.0 = Release|Any CPU
		{93152DF0-7380-4A53-A18A-3A56BBDCF63F}.Release|x64.ActiveCfg = Release|Any CPU
		{93152DF0-7380-4A53-A18A-3A56BBDCF63F}.Release|x64.Build.0 = Release|Any CPU
		{93152DF0-7380-4A53-A18A-3A56BBDCF63F}.Release|x86.ActiveCfg = Release|Any CPU
		{93152DF0-7380-4A53-A18A-3A56BBDCF63F}.Release|x86.Build.0 = Release|Any CPU
	EndGlobalSection
	GlobalSection(SolutionProperties) = preSolution
		HideSolutionNode = FALSE
	EndGlobalSection
	GlobalSection(NestedProjects) = preSolution
		{AB0A5F6F-07A4-4B45-B06C-915F4595EED8} = {971D0E4D-EB2B-4062-AE18-AD4B38072953}
		{972A3F43-4282-428E-8639-5A541F6D410B} = {956571E7-CBF1-404A-B895-24A86F13B79C}
		{CFB78B52-4E41-45F4-8E7E-A85147C24855} = {FFE85A6C-3D29-416D-A932-217EEE7A51ED}
		{EA8D203C-E9CE-4DAF-88AC-CE63451EC26F} = {FFE85A6C-3D29-416D-A932-217EEE7A51ED}
		{E06DE118-6EB1-4DF0-AFBB-48A3D07F1AFF} = {FFE85A6C-3D29-416D-A932-217EEE7A51ED}
		{0B6A7C4C-D6DE-4369-907D-C16ECEA5ABF4} = {C7DE347F-26CC-44B4-B32A-767BFAE237FB}
		{EA31866D-AA4B-43A0-8E61-CB630A31E2C1} = {C7DE347F-26CC-44B4-B32A-767BFAE237FB}
		{30695D7C-071F-4203-B061-F9A0602293C7} = {C7DE347F-26CC-44B4-B32A-767BFAE237FB}
		{B9560CC6-82B7-4987-9EA2-D3D2A7BDCBC5} = {72D39C0D-7897-465A-902F-9522883A9169}
		{AB85A9DF-4161-4754-8521-B8F1A3627719} = {72D39C0D-7897-465A-902F-9522883A9169}
		{4B3F4213-15E9-4667-8F01-BCEAC525DA04} = {72D39C0D-7897-465A-902F-9522883A9169}
		{58DDA9DD-3DF0-4F5B-BFC6-0CFB9F27396C} = {F7C7D3BC-9720-47A6-B91E-951533836369}
		{FB1142C0-3782-485F-B912-021D5F06F1C8} = {F7C7D3BC-9720-47A6-B91E-951533836369}
		{FFC5AD3C-E06B-4C65-8578-3C487EFB17C1} = {F7C7D3BC-9720-47A6-B91E-951533836369}
		{3B7138CC-D927-4446-BB09-2A895B5CB39A} = {BF92B004-1496-4E8D-89D5-1B30E42ACC3D}
		{0EB2F598-A5BE-4784-B169-B3B80DAF456E} = {BF92B004-1496-4E8D-89D5-1B30E42ACC3D}
		{93152DF0-7380-4A53-A18A-3A56BBDCF63F} = {BF92B004-1496-4E8D-89D5-1B30E42ACC3D}
	EndGlobalSection
	GlobalSection(ExtensibilityGlobals) = postSolution
		SolutionGuid = {AE321949-03F2-4227-94A1-C4386AF012A0}
	EndGlobalSection
EndGlobal
